PODS:
  - audioplayers (0.0.1):
    - Flutter
  - Flutter (1.0.0)
  - geocoding (1.0.5):
    - Flutter
  - location (0.0.1):
    - Flutter
  - path_provider (0.0.1):
    - Flutter
  - shared_preferences (0.0.1):
    - Flutter
  - sqlite3 (3.35.5):
    - sqlite3/common (= 3.35.5)
  - sqlite3/common (3.35.5)
  - sqlite3/fts5 (3.35.5):
    - sqlite3/common
  - sqlite3/json1 (3.35.5):
    - sqlite3/common
  - sqlite3/perf-threadsafe (3.35.5):
    - sqlite3/common
  - sqlite3/rtree (3.35.5):
    - sqlite3/common
  - sqlite3_flutter_libs (0.0.1):
    - Flutter
    - sqlite3 (~> 3.35.4)
    - sqlite3/fts5
    - sqlite3/json1
    - sqlite3/perf-threadsafe
    - sqlite3/rtree

DEPENDENCIES:
  - audioplayers (from `.symlinks/plugins/audioplayers/ios`)
  - Flutter (from `Flutter`)
  - geocoding (from `.symlinks/plugins/geocoding/ios`)
  - location (from `.symlinks/plugins/location/ios`)
  - path_provider (from `.symlinks/plugins/path_provider/ios`)
  - shared_preferences (from `.symlinks/plugins/shared_preferences/ios`)
  - sqlite3_flutter_libs (from `.symlinks/plugins/sqlite3_flutter_libs/ios`)

SPEC REPOS:
  trunk:
    - sqlite3

EXTERNAL SOURCES:
  audioplayers:
    :path: ".symlinks/plugins/audioplayers/ios"
  Flutter:
    :path: Flutter
  geocoding:
    :path: ".symlinks/plugins/geocoding/ios"
  location:
    :path: ".symlinks/plugins/location/ios"
  path_provider:
    :path: ".symlinks/plugins/path_provider/ios"
  shared_preferences:
    :path: ".symlinks/plugins/shared_preferences/ios"
  sqlite3_flutter_libs:
    :path: ".symlinks/plugins/sqlite3_flutter_libs/ios"

SPEC CHECKSUMS:
  audioplayers: 455322b54050b30ea4b1af7cd9e9d105f74efa8c
  Flutter: 434fef37c0980e73bb6479ef766c45957d4b510c
  geocoding: 32cfcdb16d38d907caaba65e2e42ad10d38bee58
  location: 3a2eed4dd2fab25e7b7baf2a9efefe82b512d740
  path_provider: abfe2b5c733d04e238b0d8691db0cfd63a27a93c
  shared_preferences: af6bfa751691cdc24be3045c43ec037377ada40d
  sqlite3: 75da32fd4e3574f6c38566a9f0114cfe792c8db5
  sqlite3_flutter_libs: aedb7b6ba191f9a052dcef77691cf5d37437431c

PODFILE CHECKSUM: aafe91acc616949ddb318b77800a7f51bffa2a4c

COCOAPODS: 1.10.1
